// !$*UTF8*$!
{
	archiveVersion = 1;
	classes = {
	};
	objectVersion = 56;
	objects = {

/* Begin PBXBuildFile section */
		BC0357E92913683F0057787F /* AppDelegate.swift in Sources */ = {isa = PBXBuildFile; fileRef = BC0357E82913683F0057787F /* AppDelegate.swift */; };
		BC0357EB2913683F0057787F /* SceneDelegate.swift in Sources */ = {isa = PBXBuildFile; fileRef = BC0357EA2913683F0057787F /* SceneDelegate.swift */; };
		BC0357ED2913683F0057787F /* MainViewController.swift in Sources */ = {isa = PBXBuildFile; fileRef = BC0357EC2913683F0057787F /* MainViewController.swift */; };
		BC0357F02913683F0057787F /* Main.storyboard in Resources */ = {isa = PBXBuildFile; fileRef = BC0357EE2913683F0057787F /* Main.storyboard */; };
		BC0357F2291368400057787F /* Assets.xcassets in Resources */ = {isa = PBXBuildFile; fileRef = BC0357F1291368400057787F /* Assets.xcassets */; };
		BC0357F5291368400057787F /* LaunchScreen.storyboard in Resources */ = {isa = PBXBuildFile; fileRef = BC0357F3291368400057787F /* LaunchScreen.storyboard */; };
		BCA20F6A2915B673007C3B30 /* FIOModel.swift in Sources */ = {isa = PBXBuildFile; fileRef = BCA20F692915B673007C3B30 /* FIOModel.swift */; };
		BCA20F6C2915BFA5007C3B30 /* HelloModel.swift in Sources */ = {isa = PBXBuildFile; fileRef = BCA20F6B2915BFA5007C3B30 /* HelloModel.swift */; };
/* End PBXBuildFile section */

/* Begin PBXFileReference section */
		BC0357E52913683F0057787F /* Lesson3.Alert.app */ = {isa = PBXFileReference; explicitFileType = wrapper.application; includeInIndex = 0; path = Lesson3.Alert.app; sourceTree = BUILT_PRODUCTS_DIR; };
		BC0357E82913683F0057787F /* AppDelegate.swift */ = {isa = PBXFileReference; lastKnownFileType = sourcecode.swift; path = AppDelegate.swift; sourceTree = "<group>"; };
		BC0357EA2913683F0057787F /* SceneDelegate.swift */ = {isa = PBXFileReference; lastKnownFileType = sourcecode.swift; path = SceneDelegate.swift; sourceTree = "<group>"; };
		BC0357EC2913683F0057787F /* MainViewController.swift */ = {isa = PBXFileReference; lastKnownFileType = sourcecode.swift; path = MainViewController.swift; sourceTree = "<group>"; };
		BC0357EF2913683F0057787F /* Base */ = {isa = PBXFileReference; lastKnownFileType = file.storyboard; name = Base; path = Base.lproj/Main.storyboard; sourceTree = "<group>"; };
		BC0357F1291368400057787F /* Assets.xcassets */ = {isa = PBXFileReference; lastKnownFileType = folder.assetcatalog; path = Assets.xcassets; sourceTree = "<group>"; };
		BC0357F4291368400057787F /* Base */ = {isa = PBXFileReference; lastKnownFileType = file.storyboard; name = Base; path = Base.lproj/LaunchScreen.storyboard; sourceTree = "<group>"; };
		BC0357F6291368400057787F /* Info.plist */ = {isa = PBXFileReference; lastKnownFileType = text.plist.xml; path = Info.plist; sourceTree = "<group>"; };
		BCA20F692915B673007C3B30 /* FIOModel.swift */ = {isa = PBXFileReference; lastKnownFileType = sourcecode.swift; path = FIOModel.swift; sourceTree = "<group>"; };
		BCA20F6B2915BFA5007C3B30 /* HelloModel.swift */ = {isa = PBXFileReference; lastKnownFileType = sourcecode.swift; path = HelloModel.swift; sourceTree = "<group>"; };
/* End PBXFileReference section */

/* Begin PBXFrameworksBuildPhase section */
		BC0357E22913683F0057787F /* Frameworks */ = {
			isa = PBXFrameworksBuildPhase;
			buildActionMask = 2147483647;
			files = (
			);
			runOnlyForDeploymentPostprocessing = 0;
		};
/* End PBXFrameworksBuildPhase section */

/* Begin PBXGroup section */
		BC0357DC2913683F0057787F = {
			isa = PBXGroup;
			children = (
				BC0357E72913683F0057787F /* Lesson3.Alert */,
				BC0357E62913683F0057787F /* Products */,
			);
			sourceTree = "<group>";
		};
		BC0357E62913683F0057787F /* Products */ = {
			isa = PBXGroup;
			children = (
				BC0357E52913683F0057787F /* Lesson3.Alert.app */,
			);
			name = Products;
			sourceTree = "<group>";
		};
		BC0357E72913683F0057787F /* Lesson3.Alert */ = {
			isa = PBXGroup;
			children = (
				BCA20F682915B665007C3B30 /* Model */,
				BC0357E82913683F0057787F /* AppDelegate.swift */,
				BC0357EA2913683F0057787F /* SceneDelegate.swift */,
				BC0357EC2913683F0057787F /* MainViewController.swift */,
				BC0357EE2913683F0057787F /* Main.storyboard */,
				BC0357F1291368400057787F /* Assets.xcassets */,
				BC0357F3291368400057787F /* LaunchScreen.storyboard */,
				BC0357F6291368400057787F /* Info.plist */,
			);
			path = Lesson3.Alert;
			sourceTree = "<group>";
		};
		BCA20F682915B665007C3B30 /* Model */ = {
			isa = PBXGroup;
			children = (
				BCA20F692915B673007C3B30 /* FIOModel.swift */,
				BCA20F6B2915BFA5007C3B30 /* HelloModel.swift */,
			);
			path = Model;
			sourceTree = "<group>";
		};
/* End PBXGroup section */

/* Begin PBXNativeTarget section */
		BC0357E42913683F0057787F /* Lesson3.Alert */ = {
			isa = PBXNativeTarget;
			buildConfigurationList = BC0357F9291368400057787F /* Build configuration list for PBXNativeTarget "Lesson3.Alert" */;
			buildPhases = (
				BC0357E12913683F0057787F /* Sources */,
				BC0357E22913683F0057787F /* Frameworks */,
				BC0357E32913683F0057787F /* Resources */,
			);
			buildRules = (
			);
			dependencies = (
			);
			name = Lesson3.Alert;
			productName = Lesson3.Alert;
			productReference = BC0357E52913683F0057787F /* Lesson3.Alert.app */;
			productType = "com.apple.product-type.application";
		};
/* End PBXNativeTarget section */

/* Begin PBXProject section */
		BC0357DD2913683F0057787F /* Project object */ = {
			isa = PBXProject;
			attributes = {
				BuildIndependentTargetsInParallel = 1;
				LastSwiftUpdateCheck = 1400;
				LastUpgradeCheck = 1400;
				TargetAttributes = {
					BC0357E42913683F0057787F = {
						CreatedOnToolsVersion = 14.0;
					};
				};
			};
			buildConfigurationList = BC0357E02913683F0057787F /* Build configuration list for PBXProject "Lesson3.Alert" */;
			compatibilityVersion = "Xcode 14.0";
			developmentRegion = en;
			hasScannedForEncodings = 0;
			knownRegions = (
				en,
				Base,
			);
			mainGroup = BC0357DC2913683F0057787F;
			productRefGroup = BC0357E62913683F0057787F /* Products */;
			projectDirPath = "";
			projectRoot = "";
			targets = (
				BC0357E42913683F0057787F /* Lesson3.Alert */,
			);
		};
/* End PBXProject section */

/* Begin PBXResourcesBuildPhase section */
		BC0357E32913683F0057787F /* Resources */ = {
			isa = PBXResourcesBuildPhase;
			buildActionMask = 2147483647;
			files = (
				BC0357F5291368400057787F /* LaunchScreen.storyboard in Resources */,
				BC0357F2291368400057787F /* Assets.xcassets in Resources */,
				BC0357F02913683F0057787F /* Main.storyboard in Resources */,
			);
			runOnlyForDeploymentPostprocessing = 0;
		};
/* End PBXResourcesBuildPhase section */

/* Begin PBXSourcesBuildPhase section */
		BC0357E12913683F0057787F /* Sources */ = {
			isa = PBXSourcesBuildPhase;
			buildActionMask = 2147483647;
			files = (
				BC0357ED2913683F0057787F /* MainViewController.swift in Sources */,
				BCA20F6A2915B673007C3B30 /* FIOModel.swift in Sources */,
				BC0357E92913683F0057787F /* AppDelegate.swift in Sources */,
				BCA20F6C2915BFA5007C3B30 /* HelloModel.swift in Sources */,
				BC0357EB2913683F0057787F /* SceneDelegate.swift in Sources */,
			);
			runOnlyForDeploymentPostprocessing = 0;
		};
/* End PBXSourcesBuildPhase section */

/* Begin PBXVariantGroup section */
		BC0357EE2913683F0057787F /* Main.storyboard */ = {
			isa = PBXVariantGroup;
			children = (
				BC0357EF2913683F0057787F /* Base */,
			);
			name = Main.storyboard;
			sourceTree = "<group>";
		};
		BC0357F3291368400057787F /* LaunchScreen.storyboard */ = {
			isa = PBXVariantGroup;
			children = (
				BC0357F4291368400057787F /* Base */,
			);
			name = LaunchScreen.storyboard;
			sourceTree = "<group>";
		};
/* End PBXVariantGroup section */

/* Begin XCBuildConfiguration section */
		BC0357F7291368400057787F /* Debug */ = {
			isa = XCBuildConfiguration;
			buildSettings = {
				ALWAYS_SEARCH_USER_PATHS = NO;
				CLANG_ANALYZER_NONNULL = YES;
				CLANG_ANALYZER_NUMBER_OBJECT_CONVERSION = YES_AGGRESSIVE;
				CLANG_CXX_LANGUAGE_STANDARD = "gnu++20";
				CLANG_ENABLE_MODULES = YES;
				CLANG_ENABLE_OBJC_ARC = YES;
				CLANG_ENABLE_OBJC_WEAK = YES;
				CLANG_WARN_BLOCK_CAPTURE_AUTORELEASING = YES;
				CLANG_WARN_BOOL_CONVERSION = YES;
				CLANG_WARN_COMMA = YES;
				CLANG_WARN_CONSTANT_CONVERSION = YES;
				CLANG_WARN_DEPRECATED_OBJC_IMPLEMENTATIONS = YES;
				CLANG_WARN_DIRECT_OBJC_ISA_USAGE = YES_ERROR;
				CLANG_WARN_DOCUMENTATION_COMMENTS = YES;
				CLANG_WARN_EMPTY_BODY = YES;
				CLANG_WARN_ENUM_CONVERSION = YES;
				CLANG_WARN_INFINITE_RECURSION = YES;
				CLANG_WARN_INT_CONVERSION = YES;
				CLANG_WARN_NON_LITERAL_NULL_CONVERSION = YES;
				CLANG_WARN_OBJC_IMPLICIT_RETAIN_SELF = YES;
				CLANG_WARN_OBJC_LITERAL_CONVERSION = YES;
				CLANG_WARN_OBJC_ROOT_CLASS = YES_ERROR;
				CLANG_WARN_QUOTED_INCLUDE_IN_FRAMEWORK_HEADER = YES;
				CLANG_WARN_RANGE_LOOP_ANALYSIS = YES;
				CLANG_WARN_STRICT_PROTOTYPES = YES;
				CLANG_WARN_SUSPICIOUS_MOVE = YES;
				CLANG_WARN_UNGUARDED_AVAILABILITY = YES_AGGRESSIVE;
				CLANG_WARN_UNREACHABLE_CODE = YES;
				CLANG_WARN__DUPLICATE_METHOD_MATCH = YES;
				COPY_PHASE_STRIP = NO;
				DEBUG_INFORMATION_FORMAT = dwarf;
				ENABLE_STRICT_OBJC_MSGSEND = YES;
				ENABLE_TESTABILITY = YES;
				GCC_C_LANGUAGE_STANDARD = gnu11;
				GCC_DYNAMIC_NO_PIC = NO;
				GCC_NO_COMMON_BLOCKS = YES;
				GCC_OPTIMIZATION_LEVEL = 0;
				GCC_PREPROCESSOR_DEFINITIONS = (
					"DEBUG=1",
					"$(inherited)",
				);
				GCC_WARN_64_TO_32_BIT_CONVERSION = YES;
				GCC_WARN_ABOUT_RETURN_TYPE = YES_ERROR;
				GCC_WARN_UNDECLARED_SELECTOR = YES;
				GCC_WARN_UNINITIALIZED_AUTOS = YES_AGGRESSIVE;
				GCC_WARN_UNUSED_FUNCTION = YES;
				GCC_WARN_UNUSED_VARIABLE = YES;
				IPHONEOS_DEPLOYMENT_TARGET = 16.0;
				MTL_ENABLE_DEBUG_INFO = INCLUDE_SOURCE;
				MTL_FAST_MATH = YES;
				ONLY_ACTIVE_ARCH = YES;
				SDKROOT = iphoneos;
				SWIFT_ACTIVE_COMPILATION_CONDITIONS = DEBUG;
				SWIFT_OPTIMIZATION_LEVEL = "-Onone";
			};
			name = Debug;
		};
		BC0357F8291368400057787F /* Release */ = {
			isa = XCBuildConfiguration;
			buildSettings = {
				ALWAYS_SEARCH_USER_PATHS = NO;
				CLANG_ANALYZER_NONNULL = YES;
				CLANG_ANALYZER_NUMBER_OBJECT_CONVERSION = YES_AGGRESSIVE;
				CLANG_CXX_LANGUAGE_STANDARD = "gnu++20";
				CLANG_ENABLE_MODULES = YES;
				CLANG_ENABLE_OBJC_ARC = YES;
				CLANG_ENABLE_OBJC_WEAK = YES;
				CLANG_WARN_BLOCK_CAPTURE_AUTORELEASING = YES;
				CLANG_WARN_BOOL_CONVERSION = YES;
				CLANG_WARN_COMMA = YES;
				CLANG_WARN_CONSTANT_CONVERSION = YES;
				CLANG_WARN_DEPRECATED_OBJC_IMPLEMENTATIONS = YES;
				CLANG_WARN_DIRECT_OBJC_ISA_USAGE = YES_ERROR;
				CLANG_WARN_DOCUMENTATION_COMMENTS = YES;
				CLANG_WARN_EMPTY_BODY = YES;
				CLANG_WARN_ENUM_CONVERSION = YES;
				CLANG_WARN_INFINITE_RECURSION = YES;
				CLANG_WARN_INT_CONVERSION = YES;
				CLANG_WARN_NON_LITERAL_NULL_CONVERSION = YES;
				CLANG_WARN_OBJC_IMPLICIT_RETAIN_SELF = YES;
				CLANG_WARN_OBJC_LITERAL_CONVERSION = YES;
				CLANG_WARN_OBJC_ROOT_CLASS = YES_ERROR;
				CLANG_WARN_QUOTED_INCLUDE_IN_FRAMEWORK_HEADER = YES;
				CLANG_WARN_RANGE_LOOP_ANALYSIS = YES;
				CLANG_WARN_STRICT_PROTOTYPES = YES;
				CLANG_WARN_SUSPICIOUS_MOVE = YES;
				CLANG_WARN_UNGUARDED_AVAILABILITY = YES_AGGRESSIVE;
				CLANG_WARN_UNREACHABLE_CODE = YES;
				CLANG_WARN__DUPLICATE_METHOD_MATCH = YES;
				COPY_PHASE_STRIP = NO;
				DEBUG_INFORMATION_FORMAT = "dwarf-with-dsym";
				ENABLE_NS_ASSERTIONS = NO;
				ENABLE_STRICT_OBJC_MSGSEND = YES;
				GCC_C_LANGUAGE_STANDARD = gnu11;
				GCC_NO_COMMON_BLOCKS = YES;
				GCC_WARN_64_TO_32_BIT_CONVERSION = YES;
				GCC_WARN_ABOUT_RETURN_TYPE = YES_ERROR;
				GCC_WARN_UNDECLARED_SELECTOR = YES;
				GCC_WARN_UNINITIALIZED_AUTOS = YES_AGGRESSIVE;
				GCC_WARN_UNUSED_FUNCTION = YES;
				GCC_WARN_UNUSED_VARIABLE = YES;
				IPHONEOS_DEPLOYMENT_TARGET = 16.0;
				MTL_ENABLE_DEBUG_INFO = NO;
				MTL_FAST_MATH = YES;
				SDKROOT = iphoneos;
				SWIFT_COMPILATION_MODE = wholemodule;
				SWIFT_OPTIMIZATION_LEVEL = "-O";
				VALIDATE_PRODUCT = YES;
			};
			name = Release;
		};
		BC0357FA291368400057787F /* Debug */ = {
			isa = XCBuildConfiguration;
			buildSettings = {
				ASSETCATALOG_COMPILER_APPICON_NAME = AppIcon;
				ASSETCATALOG_COMPILER_GLOBAL_ACCENT_COLOR_NAME = AccentColor;
				CODE_SIGN_STYLE = Automatic;
				CURRENT_PROJECT_VERSION = 1;
				GENERATE_INFOPLIST_FILE = YES;
				INFOPLIST_FILE = Lesson3.Alert/Info.plist;
				INFOPLIST_KEY_UIApplicationSupportsIndirectInputEvents = YES;
				INFOPLIST_KEY_UILaunchStoryboardName = LaunchScreen;
				INFOPLIST_KEY_UIMainStoryboardFile = Main;
				INFOPLIST_KEY_UISupportedInterfaceOrientations_iPad = "UIInterfaceOrientationPortrait UIInterfaceOrientationPortraitUpsideDown UIInterfaceOrientationLandscapeLeft UIInterfaceOrientationLandscapeRight";
				INFOPLIST_KEY_UISupportedInterfaceOrientations_iPhone = "UIInterfaceOrientationPortrait UIInterfaceOrientationLandscapeLeft UIInterfaceOrientationLandscapeRight";
				LD_RUNPATH_SEARCH_PATHS = (
					"$(inherited)",
					"@executable_path/Frameworks",
				);
				MARKETING_VERSION = 1.0;
				PRODUCT_BUNDLE_IDENTIFIER = "Project.Lesson3-Alert";
				PRODUCT_NAME = "$(TARGET_NAME)";
				SWIFT_EMIT_LOC_STRINGS = YES;
				SWIFT_VERSION = 5.0;
				TARGETED_DEVICE_FAMILY = "1,2";
			};
			name = Debug;
		};
		BC0357FB291368400057787F /* Release */ = {
			isa = XCBuildConfiguration;
			buildSettings = {
				ASSETCATALOG_COMPILER_APPICON_NAME = AppIcon;
				ASSETCATALOG_COMPILER_GLOBAL_ACCENT_COLOR_NAME = AccentColor;
				CODE_SIGN_STYLE = Automatic;
				CURRENT_PROJECT_VERSION = 1;
				GENERATE_INFOPLIST_FILE = YES;
				INFOPLIST_FILE = Lesson3.Alert/Info.plist;
				INFOPLIST_KEY_UIApplicationSupportsIndirectInputEvents = YES;
				INFOPLIST_KEY_UILaunchStoryboardName = LaunchScreen;
				INFOPLIST_KEY_UIMainStoryboardFile = Main;
				INFOPLIST_KEY_UISupportedInterfaceOrientations_iPad = "UIInterfaceOrientationPortrait UIInterfaceOrientationPortraitUpsideDown UIInterfaceOrientationLandscapeLeft UIInterfaceOrientationLandscapeRight";
				INFOPLIST_KEY_UISupportedInterfaceOrientations_iPhone = "UIInterfaceOrientationPortrait UIInterfaceOrientationLandscapeLeft UIInterfaceOrientationLandscapeRight";
				LD_RUNPATH_SEARCH_PATHS = (
					"$(inherited)",
					"@executable_path/Frameworks",
				);
				MARKETING_VERSION = 1.0;
				PRODUCT_BUNDLE_IDENTIFIER = "Project.Lesson3-Alert";
				PRODUCT_NAME = "$(TARGET_NAME)";
				SWIFT_EMIT_LOC_STRINGS = YES;
				SWIFT_VERSION = 5.0;
				TARGETED_DEVICE_FAMILY = "1,2";
			};
			name = Release;
		};
/* End XCBuildConfiguration section */

/* Begin XCConfigurationList section */
		BC0357E02913683F0057787F /* Build configuration list for PBXProject "Lesson3.Alert" */ = {
			isa = XCConfigurationList;
			buildConfigurations = (
				BC0357F7291368400057787F /* Debug */,
				BC0357F8291368400057787F /* Release */,
			);
			defaultConfigurationIsVisible = 0;
			defaultConfigurationName = Release;
		};
		BC0357F9291368400057787F /* Build configuration list for PBXNativeTarget "Lesson3.Alert" */ = {
			isa = XCConfigurationList;
			buildConfigurations = (
				BC0357FA291368400057787F /* Debug */,
				BC0357FB291368400057787F /* Release */,
			);
			defaultConfigurationIsVisible = 0;
			defaultConfigurationName = Release;
		};
/* End XCConfigurationList section */
	};
	rootObject = BC0357DD2913683F0057787F /* Project object */;
}
